
Microsoft Visual Studio Solution File, Format Version 12.00
# Visual Studio Version 17
VisualStudioVersion = 17.4.33213.308
MinimumVisualStudioVersion = 10.0.40219.1
Project("{FAE04EC0-301F-11D3-BF4B-00C04F79EFBC}") = "AtletaClubeAPI", "AtletaClubeAPI\AtletaClubeAPI.csproj", "{9B20558A-244F-4AAC-B15B-BB4180A69856}"
EndProject
Project("{FAE04EC0-301F-11D3-BF4B-00C04F79EFBC}") = "Domain", "Domain\Domain.csproj", "{8205E809-5038-416F-B8F7-0B02371073BA}"
EndProject
Project("{FAE04EC0-301F-11D3-BF4B-00C04F79EFBC}") = "Infrastructure", "Infrastructure\Infrastructure.csproj", "{8AB36EAC-2E59-435A-A888-9F23FEBE9962}"
EndProject
Global
	GlobalSection(SolutionConfigurationPlatforms) = preSolution
		Debug|Any CPU = Debug|Any CPU
		Release|Any CPU = Release|Any CPU
	EndGlobalSection
	GlobalSection(ProjectConfigurationPlatforms) = postSolution
		{9B20558A-244F-4AAC-B15B-BB4180A69856}.Debug|Any CPU.ActiveCfg = Debug|Any CPU
		{9B20558A-244F-4AAC-B15B-BB4180A69856}.Debug|Any CPU.Build.0 = Debug|Any CPU
		{9B20558A-244F-4AAC-B15B-BB4180A69856}.Release|Any CPU.ActiveCfg = Release|Any CPU
		{9B20558A-244F-4AAC-B15B-BB4180A69856}.Release|Any CPU.Build.0 = Release|Any CPU
		{8205E809-5038-416F-B8F7-0B02371073BA}.Debug|Any CPU.ActiveCfg = Debug|Any CPU
		{8205E809-5038-416F-B8F7-0B02371073BA}.Debug|Any CPU.Build.0 = Debug|Any CPU
		{8205E809-5038-416F-B8F7-0B02371073BA}.Release|Any CPU.ActiveCfg = Release|Any CPU
		{8205E809-5038-416F-B8F7-0B02371073BA}.Release|Any CPU.Build.0 = Release|Any CPU
		{8AB36EAC-2E59-435A-A888-9F23FEBE9962}.Debug|Any CPU.ActiveCfg = Debug|Any CPU
		{8AB36EAC-2E59-435A-A888-9F23FEBE9962}.Debug|Any CPU.Build.0 = Debug|Any CPU
		{8AB36EAC-2E59-435A-A888-9F23FEBE9962}.Release|Any CPU.ActiveCfg = Release|Any CPU
		{8AB36EAC-2E59-435A-A888-9F23FEBE9962}.Release|Any CPU.Build.0 = Release|Any CPU
	EndGlobalSection
	GlobalSection(SolutionProperties) = preSolution
		HideSolutionNode = FALSE
	EndGlobalSection
	GlobalSection(ExtensibilityGlobals) = postSolution
		SolutionGuid = {58F0C9DD-D661-4291-87F6-74531191225E}
	EndGlobalSection
EndGlobal
